# This file is automatically @generated by Cargo.
# It is not intended for manual editing.
version = 3

[[package]]
name = "p0607-group"
version = "0.1.0"

[[package]]
name = "p112"
version = "0.1.0"

[[package]]
name = "p127"
version = "0.1.0"

[[package]]
name = "p130"
version = "0.1.0"

[[package]]
name = "p131"
version = "0.1.0"

[[package]]
name = "rust-codespaces"
version = "0.1.0"
