# This file is automatically @generated by Cargo.
# It is not intended for manual editing.
version = 4

[[package]]
name = "p037-start"
version = "0.1.0"

[[package]]
name = "p041-the_first_code"
version = "0.1.0"

[[package]]
name = "p0607-group"
version = "0.1.0"

[[package]]
name = "rust-codespaces"
version = "0.1.0"
